// !$*UTF8*$!
{
	archiveVersion = 1;
	classes = {
	};
	objectVersion = 46;
	objects = {

/* Begin PBXBuildFile section */
		85C2AE8B1B5F78B700B71D51 /* main.m in Sources */ = {isa = PBXBuildFile; fileRef = 85C2AE8A1B5F78B700B71D51 /* main.m */; };
		85C2AE931B5F78D000B71D51 /* TRBook.m in Sources */ = {isa = PBXBuildFile; fileRef = 85C2AE921B5F78D000B71D51 /* TRBook.m */; };
		85C2AE961B5F7A2B00B71D51 /* TRStudent.m in Sources */ = {isa = PBXBuildFile; fileRef = 85C2AE951B5F7A2B00B71D51 /* TRStudent.m */; };
/* End PBXBuildFile section */

/* Begin PBXCopyFilesBuildPhase section */
		85C2AE851B5F78B700B71D51 /* CopyFiles */ = {
			isa = PBXCopyFilesBuildPhase;
			buildActionMask = 2147483647;
			dstPath = /usr/share/man/man1/;
			dstSubfolderSpec = 0;
			files = (
			);
			runOnlyForDeploymentPostprocessing = 1;
		};
/* End PBXCopyFilesBuildPhase section */

/* Begin PBXFileReference section */
		85C2AE871B5F78B700B71D51 /* 06_深拷贝练习 */ = {isa = PBXFileReference; explicitFileType = "compiled.mach-o.executable"; includeInIndex = 0; path = "06_深拷贝练习"; sourceTree = BUILT_PRODUCTS_DIR; };
		85C2AE8A1B5F78B700B71D51 /* main.m */ = {isa = PBXFileReference; lastKnownFileType = sourcecode.c.objc; path = main.m; sourceTree = "<group>"; };
		85C2AE911B5F78D000B71D51 /* TRBook.h */ = {isa = PBXFileReference; fileEncoding = 4; lastKnownFileType = sourcecode.c.h; path = TRBook.h; sourceTree = "<group>"; };
		85C2AE921B5F78D000B71D51 /* TRBook.m */ = {isa = PBXFileReference; fileEncoding = 4; lastKnownFileType = sourcecode.c.objc; path = TRBook.m; sourceTree = "<group>"; };
		85C2AE941B5F7A2B00B71D51 /* TRStudent.h */ = {isa = PBXFileReference; fileEncoding = 4; lastKnownFileType = sourcecode.c.h; path = TRStudent.h; sourceTree = "<group>"; };
		85C2AE951B5F7A2B00B71D51 /* TRStudent.m */ = {isa = PBXFileReference; fileEncoding = 4; lastKnownFileType = sourcecode.c.objc; path = TRStudent.m; sourceTree = "<group>"; };
/* End PBXFileReference section */

/* Begin PBXFrameworksBuildPhase section */
		85C2AE841B5F78B700B71D51 /* Frameworks */ = {
			isa = PBXFrameworksBuildPhase;
			buildActionMask = 2147483647;
			files = (
			);
			runOnlyForDeploymentPostprocessing = 0;
		};
/* End PBXFrameworksBuildPhase section */

/* Begin PBXGroup section */
		85C2AE7E1B5F78B700B71D51 = {
			isa = PBXGroup;
			children = (
				85C2AE891B5F78B700B71D51 /* 06_深拷贝练习 */,
				85C2AE881B5F78B700B71D51 /* Products */,
			);
			sourceTree = "<group>";
		};
		85C2AE881B5F78B700B71D51 /* Products */ = {
			isa = PBXGroup;
			children = (
				85C2AE871B5F78B700B71D51 /* 06_深拷贝练习 */,
			);
			name = Products;
			sourceTree = "<group>";
		};
		85C2AE891B5F78B700B71D51 /* 06_深拷贝练习 */ = {
			isa = PBXGroup;
			children = (
				85C2AE8A1B5F78B700B71D51 /* main.m */,
				85C2AE911B5F78D000B71D51 /* TRBook.h */,
				85C2AE921B5F78D000B71D51 /* TRBook.m */,
				85C2AE941B5F7A2B00B71D51 /* TRStudent.h */,
				85C2AE951B5F7A2B00B71D51 /* TRStudent.m */,
			);
			path = "06_深拷贝练习";
			sourceTree = "<group>";
		};
/* End PBXGroup section */

/* Begin PBXNativeTarget section */
		85C2AE861B5F78B700B71D51 /* 06_深拷贝练习 */ = {
			isa = PBXNativeTarget;
			buildConfigurationList = 85C2AE8E1B5F78B700B71D51 /* Build configuration list for PBXNativeTarget "06_深拷贝练习" */;
			buildPhases = (
				85C2AE831B5F78B700B71D51 /* Sources */,
				85C2AE841B5F78B700B71D51 /* Frameworks */,
				85C2AE851B5F78B700B71D51 /* CopyFiles */,
			);
			buildRules = (
			);
			dependencies = (
			);
			name = "06_深拷贝练习";
			productName = "06_深拷贝练习";
			productReference = 85C2AE871B5F78B700B71D51 /* 06_深拷贝练习 */;
			productType = "com.apple.product-type.tool";
		};
/* End PBXNativeTarget section */

/* Begin PBXProject section */
		85C2AE7F1B5F78B700B71D51 /* Project object */ = {
			isa = PBXProject;
			attributes = {
				LastUpgradeCheck = 0630;
				ORGANIZATIONNAME = tarena;
				TargetAttributes = {
					85C2AE861B5F78B700B71D51 = {
						CreatedOnToolsVersion = 6.3;
					};
				};
			};
			buildConfigurationList = 85C2AE821B5F78B700B71D51 /* Build configuration list for PBXProject "06_深拷贝练习" */;
			compatibilityVersion = "Xcode 3.2";
			developmentRegion = English;
			hasScannedForEncodings = 0;
			knownRegions = (
				en,
			);
			mainGroup = 85C2AE7E1B5F78B700B71D51;
			productRefGroup = 85C2AE881B5F78B700B71D51 /* Products */;
			projectDirPath = "";
			projectRoot = "";
			targets = (
				85C2AE861B5F78B700B71D51 /* 06_深拷贝练习 */,
			);
		};
/* End PBXProject section */

/* Begin PBXSourcesBuildPhase section */
		85C2AE831B5F78B700B71D51 /* Sources */ = {
			isa = PBXSourcesBuildPhase;
			buildActionMask = 2147483647;
			files = (
				85C2AE961B5F7A2B00B71D51 /* TRStudent.m in Sources */,
				85C2AE931B5F78D000B71D51 /* TRBook.m in Sources */,
				85C2AE8B1B5F78B700B71D51 /* main.m in Sources */,
			);
			runOnlyForDeploymentPostprocessing = 0;
		};
/* End PBXSourcesBuildPhase section */

/* Begin XCBuildConfiguration section */
		85C2AE8C1B5F78B700B71D51 /* Debug */ = {
			isa = XCBuildConfiguration;
			buildSettings = {
				ALWAYS_SEARCH_USER_PATHS = NO;
				CLANG_CXX_LANGUAGE_STANDARD = "gnu++0x";
				CLANG_CXX_LIBRARY = "libc++";
				CLANG_ENABLE_MODULES = YES;
				CLANG_ENABLE_OBJC_ARC = YES;
				CLANG_WARN_BOOL_CONVERSION = YES;
				CLANG_WARN_CONSTANT_CONVERSION = YES;
				CLANG_WARN_DIRECT_OBJC_ISA_USAGE = YES_ERROR;
				CLANG_WARN_EMPTY_BODY = YES;
				CLANG_WARN_ENUM_CONVERSION = YES;
				CLANG_WARN_INT_CONVERSION = YES;
				CLANG_WARN_OBJC_ROOT_CLASS = YES_ERROR;
				CLANG_WARN_UNREACHABLE_CODE = YES;
				CLANG_WARN__DUPLICATE_METHOD_MATCH = YES;
				COPY_PHASE_STRIP = NO;
				DEBUG_INFORMATION_FORMAT = dwarf;
				ENABLE_STRICT_OBJC_MSGSEND = YES;
				GCC_C_LANGUAGE_STANDARD = gnu99;
				GCC_DYNAMIC_NO_PIC = NO;
				GCC_NO_COMMON_BLOCKS = YES;
				GCC_OPTIMIZATION_LEVEL = 0;
				GCC_PREPROCESSOR_DEFINITIONS = (
					"DEBUG=1",
					"$(inherited)",
				);
				GCC_SYMBOLS_PRIVATE_EXTERN = NO;
				GCC_WARN_64_TO_32_BIT_CONVERSION = YES;
				GCC_WARN_ABOUT_RETURN_TYPE = YES_ERROR;
				GCC_WARN_UNDECLARED_SELECTOR = YES;
				GCC_WARN_UNINITIALIZED_AUTOS = YES_AGGRESSIVE;
				GCC_WARN_UNUSED_FUNCTION = YES;
				GCC_WARN_UNUSED_VARIABLE = YES;
				MACOSX_DEPLOYMENT_TARGET = 10.10;
				MTL_ENABLE_DEBUG_INFO = YES;
				ONLY_ACTIVE_ARCH = YES;
				SDKROOT = macosx;
			};
			name = Debug;
		};
		85C2AE8D1B5F78B700B71D51 /* Release */ = {
			isa = XCBuildConfiguration;
			buildSettings = {
				ALWAYS_SEARCH_USER_PATHS = NO;
				CLANG_CXX_LANGUAGE_STANDARD = "gnu++0x";
				CLANG_CXX_LIBRARY = "libc++";
				CLANG_ENABLE_MODULES = YES;
				CLANG_ENABLE_OBJC_ARC = YES;
				CLANG_WARN_BOOL_CONVERSION = YES;
				CLANG_WARN_CONSTANT_CONVERSION = YES;
				CLANG_WARN_DIRECT_OBJC_ISA_USAGE = YES_ERROR;
				CLANG_WARN_EMPTY_BODY = YES;
				CLANG_WARN_ENUM_CONVERSION = YES;
				CLANG_WARN_INT_CONVERSION = YES;
				CLANG_WARN_OBJC_ROOT_CLASS = YES_ERROR;
				CLANG_WARN_UNREACHABLE_CODE = YES;
				CLANG_WARN__DUPLICATE_METHOD_MATCH = YES;
				COPY_PHASE_STRIP = NO;
				DEBUG_INFORMATION_FORMAT = "dwarf-with-dsym";
				ENABLE_NS_ASSERTIONS = NO;
				ENABLE_STRICT_OBJC_MSGSEND = YES;
				GCC_C_LANGUAGE_STANDARD = gnu99;
				GCC_NO_COMMON_BLOCKS = YES;
				GCC_WARN_64_TO_32_BIT_CONVERSION = YES;
				GCC_WARN_ABOUT_RETURN_TYPE = YES_ERROR;
				GCC_WARN_UNDECLARED_SELECTOR = YES;
				GCC_WARN_UNINITIALIZED_AUTOS = YES_AGGRESSIVE;
				GCC_WARN_UNUSED_FUNCTION = YES;
				GCC_WARN_UNUSED_VARIABLE = YES;
				MACOSX_DEPLOYMENT_TARGET = 10.10;
				MTL_ENABLE_DEBUG_INFO = NO;
				SDKROOT = macosx;
			};
			name = Release;
		};
		85C2AE8F1B5F78B700B71D51 /* Debug */ = {
			isa = XCBuildConfiguration;
			buildSettings = {
				PRODUCT_NAME = "$(TARGET_NAME)";
			};
			name = Debug;
		};
		85C2AE901B5F78B700B71D51 /* Release */ = {
			isa = XCBuildConfiguration;
			buildSettings = {
				PRODUCT_NAME = "$(TARGET_NAME)";
			};
			name = Release;
		};
/* End XCBuildConfiguration section */

/* Begin XCConfigurationList section */
		85C2AE821B5F78B700B71D51 /* Build configuration list for PBXProject "06_深拷贝练习" */ = {
			isa = XCConfigurationList;
			buildConfigurations = (
				85C2AE8C1B5F78B700B71D51 /* Debug */,
				85C2AE8D1B5F78B700B71D51 /* Release */,
			);
			defaultConfigurationIsVisible = 0;
			defaultConfigurationName = Release;
		};
		85C2AE8E1B5F78B700B71D51 /* Build configuration list for PBXNativeTarget "06_深拷贝练习" */ = {
			isa = XCConfigurationList;
			buildConfigurations = (
				85C2AE8F1B5F78B700B71D51 /* Debug */,
				85C2AE901B5F78B700B71D51 /* Release */,
			);
			defaultConfigurationIsVisible = 0;
		};
/* End XCConfigurationList section */
	};
	rootObject = 85C2AE7F1B5F78B700B71D51 /* Project object */;
}
