// !$*UTF8*$!
{
	archiveVersion = 1;
	classes = {
	};
	objectVersion = 46;
	objects = {

/* Begin PBXBuildFile section */
		85DD25B41B78A0B9008FCB6A /* main.m in Sources */ = {isa = PBXBuildFile; fileRef = 85DD25B31B78A0B9008FCB6A /* main.m */; };
		85DD25B71B78A0B9008FCB6A /* AppDelegate.m in Sources */ = {isa = PBXBuildFile; fileRef = 85DD25B61B78A0B9008FCB6A /* AppDelegate.m */; };
		85DD25BA1B78A0B9008FCB6A /* ViewController.m in Sources */ = {isa = PBXBuildFile; fileRef = 85DD25B91B78A0B9008FCB6A /* ViewController.m */; };
		85DD25BD1B78A0B9008FCB6A /* Main.storyboard in Resources */ = {isa = PBXBuildFile; fileRef = 85DD25BB1B78A0B9008FCB6A /* Main.storyboard */; };
		85DD25BF1B78A0B9008FCB6A /* Images.xcassets in Resources */ = {isa = PBXBuildFile; fileRef = 85DD25BE1B78A0B9008FCB6A /* Images.xcassets */; };
		85DD25C21B78A0B9008FCB6A /* LaunchScreen.xib in Resources */ = {isa = PBXBuildFile; fileRef = 85DD25C01B78A0B9008FCB6A /* LaunchScreen.xib */; };
		85DD25CE1B78A0B9008FCB6A /* Day08_7_HomeWorkStoryboardTests.m in Sources */ = {isa = PBXBuildFile; fileRef = 85DD25CD1B78A0B9008FCB6A /* Day08_7_HomeWorkStoryboardTests.m */; };
/* End PBXBuildFile section */

/* Begin PBXContainerItemProxy section */
		85DD25C81B78A0B9008FCB6A /* PBXContainerItemProxy */ = {
			isa = PBXContainerItemProxy;
			containerPortal = 85DD25A61B78A0B9008FCB6A /* Project object */;
			proxyType = 1;
			remoteGlobalIDString = 85DD25AD1B78A0B9008FCB6A;
			remoteInfo = "Day08-7-HomeWorkStoryboard";
		};
/* End PBXContainerItemProxy section */

/* Begin PBXFileReference section */
		85DD25AE1B78A0B9008FCB6A /* Day08-7-HomeWorkStoryboard.app */ = {isa = PBXFileReference; explicitFileType = wrapper.application; includeInIndex = 0; path = "Day08-7-HomeWorkStoryboard.app"; sourceTree = BUILT_PRODUCTS_DIR; };
		85DD25B21B78A0B9008FCB6A /* Info.plist */ = {isa = PBXFileReference; lastKnownFileType = text.plist.xml; path = Info.plist; sourceTree = "<group>"; };
		85DD25B31B78A0B9008FCB6A /* main.m */ = {isa = PBXFileReference; lastKnownFileType = sourcecode.c.objc; path = main.m; sourceTree = "<group>"; };
		85DD25B51B78A0B9008FCB6A /* AppDelegate.h */ = {isa = PBXFileReference; lastKnownFileType = sourcecode.c.h; path = AppDelegate.h; sourceTree = "<group>"; };
		85DD25B61B78A0B9008FCB6A /* AppDelegate.m */ = {isa = PBXFileReference; lastKnownFileType = sourcecode.c.objc; path = AppDelegate.m; sourceTree = "<group>"; };
		85DD25B81B78A0B9008FCB6A /* ViewController.h */ = {isa = PBXFileReference; lastKnownFileType = sourcecode.c.h; path = ViewController.h; sourceTree = "<group>"; };
		85DD25B91B78A0B9008FCB6A /* ViewController.m */ = {isa = PBXFileReference; lastKnownFileType = sourcecode.c.objc; path = ViewController.m; sourceTree = "<group>"; };
		85DD25BC1B78A0B9008FCB6A /* Base */ = {isa = PBXFileReference; lastKnownFileType = file.storyboard; name = Base; path = Base.lproj/Main.storyboard; sourceTree = "<group>"; };
		85DD25BE1B78A0B9008FCB6A /* Images.xcassets */ = {isa = PBXFileReference; lastKnownFileType = folder.assetcatalog; path = Images.xcassets; sourceTree = "<group>"; };
		85DD25C11B78A0B9008FCB6A /* Base */ = {isa = PBXFileReference; lastKnownFileType = file.xib; name = Base; path = Base.lproj/LaunchScreen.xib; sourceTree = "<group>"; };
		85DD25C71B78A0B9008FCB6A /* Day08-7-HomeWorkStoryboardTests.xctest */ = {isa = PBXFileReference; explicitFileType = wrapper.cfbundle; includeInIndex = 0; path = "Day08-7-HomeWorkStoryboardTests.xctest"; sourceTree = BUILT_PRODUCTS_DIR; };
		85DD25CC1B78A0B9008FCB6A /* Info.plist */ = {isa = PBXFileReference; lastKnownFileType = text.plist.xml; path = Info.plist; sourceTree = "<group>"; };
		85DD25CD1B78A0B9008FCB6A /* Day08_7_HomeWorkStoryboardTests.m */ = {isa = PBXFileReference; lastKnownFileType = sourcecode.c.objc; path = Day08_7_HomeWorkStoryboardTests.m; sourceTree = "<group>"; };
/* End PBXFileReference section */

/* Begin PBXFrameworksBuildPhase section */
		85DD25AB1B78A0B9008FCB6A /* Frameworks */ = {
			isa = PBXFrameworksBuildPhase;
			buildActionMask = 2147483647;
			files = (
			);
			runOnlyForDeploymentPostprocessing = 0;
		};
		85DD25C41B78A0B9008FCB6A /* Frameworks */ = {
			isa = PBXFrameworksBuildPhase;
			buildActionMask = 2147483647;
			files = (
			);
			runOnlyForDeploymentPostprocessing = 0;
		};
/* End PBXFrameworksBuildPhase section */

/* Begin PBXGroup section */
		85DD25A51B78A0B9008FCB6A = {
			isa = PBXGroup;
			children = (
				85DD25B01B78A0B9008FCB6A /* Day08-7-HomeWorkStoryboard */,
				85DD25CA1B78A0B9008FCB6A /* Day08-7-HomeWorkStoryboardTests */,
				85DD25AF1B78A0B9008FCB6A /* Products */,
			);
			sourceTree = "<group>";
		};
		85DD25AF1B78A0B9008FCB6A /* Products */ = {
			isa = PBXGroup;
			children = (
				85DD25AE1B78A0B9008FCB6A /* Day08-7-HomeWorkStoryboard.app */,
				85DD25C71B78A0B9008FCB6A /* Day08-7-HomeWorkStoryboardTests.xctest */,
			);
			name = Products;
			sourceTree = "<group>";
		};
		85DD25B01B78A0B9008FCB6A /* Day08-7-HomeWorkStoryboard */ = {
			isa = PBXGroup;
			children = (
				85DD25B51B78A0B9008FCB6A /* AppDelegate.h */,
				85DD25B61B78A0B9008FCB6A /* AppDelegate.m */,
				85DD25B81B78A0B9008FCB6A /* ViewController.h */,
				85DD25B91B78A0B9008FCB6A /* ViewController.m */,
				85DD25BB1B78A0B9008FCB6A /* Main.storyboard */,
				85DD25BE1B78A0B9008FCB6A /* Images.xcassets */,
				85DD25C01B78A0B9008FCB6A /* LaunchScreen.xib */,
				85DD25B11B78A0B9008FCB6A /* Supporting Files */,
			);
			path = "Day08-7-HomeWorkStoryboard";
			sourceTree = "<group>";
		};
		85DD25B11B78A0B9008FCB6A /* Supporting Files */ = {
			isa = PBXGroup;
			children = (
				85DD25B21B78A0B9008FCB6A /* Info.plist */,
				85DD25B31B78A0B9008FCB6A /* main.m */,
			);
			name = "Supporting Files";
			sourceTree = "<group>";
		};
		85DD25CA1B78A0B9008FCB6A /* Day08-7-HomeWorkStoryboardTests */ = {
			isa = PBXGroup;
			children = (
				85DD25CD1B78A0B9008FCB6A /* Day08_7_HomeWorkStoryboardTests.m */,
				85DD25CB1B78A0B9008FCB6A /* Supporting Files */,
			);
			path = "Day08-7-HomeWorkStoryboardTests";
			sourceTree = "<group>";
		};
		85DD25CB1B78A0B9008FCB6A /* Supporting Files */ = {
			isa = PBXGroup;
			children = (
				85DD25CC1B78A0B9008FCB6A /* Info.plist */,
			);
			name = "Supporting Files";
			sourceTree = "<group>";
		};
/* End PBXGroup section */

/* Begin PBXNativeTarget section */
		85DD25AD1B78A0B9008FCB6A /* Day08-7-HomeWorkStoryboard */ = {
			isa = PBXNativeTarget;
			buildConfigurationList = 85DD25D11B78A0B9008FCB6A /* Build configuration list for PBXNativeTarget "Day08-7-HomeWorkStoryboard" */;
			buildPhases = (
				85DD25AA1B78A0B9008FCB6A /* Sources */,
				85DD25AB1B78A0B9008FCB6A /* Frameworks */,
				85DD25AC1B78A0B9008FCB6A /* Resources */,
			);
			buildRules = (
			);
			dependencies = (
			);
			name = "Day08-7-HomeWorkStoryboard";
			productName = "Day08-7-HomeWorkStoryboard";
			productReference = 85DD25AE1B78A0B9008FCB6A /* Day08-7-HomeWorkStoryboard.app */;
			productType = "com.apple.product-type.application";
		};
		85DD25C61B78A0B9008FCB6A /* Day08-7-HomeWorkStoryboardTests */ = {
			isa = PBXNativeTarget;
			buildConfigurationList = 85DD25D41B78A0B9008FCB6A /* Build configuration list for PBXNativeTarget "Day08-7-HomeWorkStoryboardTests" */;
			buildPhases = (
				85DD25C31B78A0B9008FCB6A /* Sources */,
				85DD25C41B78A0B9008FCB6A /* Frameworks */,
				85DD25C51B78A0B9008FCB6A /* Resources */,
			);
			buildRules = (
			);
			dependencies = (
				85DD25C91B78A0B9008FCB6A /* PBXTargetDependency */,
			);
			name = "Day08-7-HomeWorkStoryboardTests";
			productName = "Day08-7-HomeWorkStoryboardTests";
			productReference = 85DD25C71B78A0B9008FCB6A /* Day08-7-HomeWorkStoryboardTests.xctest */;
			productType = "com.apple.product-type.bundle.unit-test";
		};
/* End PBXNativeTarget section */

/* Begin PBXProject section */
		85DD25A61B78A0B9008FCB6A /* Project object */ = {
			isa = PBXProject;
			attributes = {
				LastUpgradeCheck = 0630;
				ORGANIZATIONNAME = tarena;
				TargetAttributes = {
					85DD25AD1B78A0B9008FCB6A = {
						CreatedOnToolsVersion = 6.3;
					};
					85DD25C61B78A0B9008FCB6A = {
						CreatedOnToolsVersion = 6.3;
						TestTargetID = 85DD25AD1B78A0B9008FCB6A;
					};
				};
			};
			buildConfigurationList = 85DD25A91B78A0B9008FCB6A /* Build configuration list for PBXProject "Day08-7-HomeWorkStoryboard" */;
			compatibilityVersion = "Xcode 3.2";
			developmentRegion = English;
			hasScannedForEncodings = 0;
			knownRegions = (
				en,
				Base,
			);
			mainGroup = 85DD25A51B78A0B9008FCB6A;
			productRefGroup = 85DD25AF1B78A0B9008FCB6A /* Products */;
			projectDirPath = "";
			projectRoot = "";
			targets = (
				85DD25AD1B78A0B9008FCB6A /* Day08-7-HomeWorkStoryboard */,
				85DD25C61B78A0B9008FCB6A /* Day08-7-HomeWorkStoryboardTests */,
			);
		};
/* End PBXProject section */

/* Begin PBXResourcesBuildPhase section */
		85DD25AC1B78A0B9008FCB6A /* Resources */ = {
			isa = PBXResourcesBuildPhase;
			buildActionMask = 2147483647;
			files = (
				85DD25BD1B78A0B9008FCB6A /* Main.storyboard in Resources */,
				85DD25C21B78A0B9008FCB6A /* LaunchScreen.xib in Resources */,
				85DD25BF1B78A0B9008FCB6A /* Images.xcassets in Resources */,
			);
			runOnlyForDeploymentPostprocessing = 0;
		};
		85DD25C51B78A0B9008FCB6A /* Resources */ = {
			isa = PBXResourcesBuildPhase;
			buildActionMask = 2147483647;
			files = (
			);
			runOnlyForDeploymentPostprocessing = 0;
		};
/* End PBXResourcesBuildPhase section */

/* Begin PBXSourcesBuildPhase section */
		85DD25AA1B78A0B9008FCB6A /* Sources */ = {
			isa = PBXSourcesBuildPhase;
			buildActionMask = 2147483647;
			files = (
				85DD25BA1B78A0B9008FCB6A /* ViewController.m in Sources */,
				85DD25B71B78A0B9008FCB6A /* AppDelegate.m in Sources */,
				85DD25B41B78A0B9008FCB6A /* main.m in Sources */,
			);
			runOnlyForDeploymentPostprocessing = 0;
		};
		85DD25C31B78A0B9008FCB6A /* Sources */ = {
			isa = PBXSourcesBuildPhase;
			buildActionMask = 2147483647;
			files = (
				85DD25CE1B78A0B9008FCB6A /* Day08_7_HomeWorkStoryboardTests.m in Sources */,
			);
			runOnlyForDeploymentPostprocessing = 0;
		};
/* End PBXSourcesBuildPhase section */

/* Begin PBXTargetDependency section */
		85DD25C91B78A0B9008FCB6A /* PBXTargetDependency */ = {
			isa = PBXTargetDependency;
			target = 85DD25AD1B78A0B9008FCB6A /* Day08-7-HomeWorkStoryboard */;
			targetProxy = 85DD25C81B78A0B9008FCB6A /* PBXContainerItemProxy */;
		};
/* End PBXTargetDependency section */

/* Begin PBXVariantGroup section */
		85DD25BB1B78A0B9008FCB6A /* Main.storyboard */ = {
			isa = PBXVariantGroup;
			children = (
				85DD25BC1B78A0B9008FCB6A /* Base */,
			);
			name = Main.storyboard;
			sourceTree = "<group>";
		};
		85DD25C01B78A0B9008FCB6A /* LaunchScreen.xib */ = {
			isa = PBXVariantGroup;
			children = (
				85DD25C11B78A0B9008FCB6A /* Base */,
			);
			name = LaunchScreen.xib;
			sourceTree = "<group>";
		};
/* End PBXVariantGroup section */

/* Begin XCBuildConfiguration section */
		85DD25CF1B78A0B9008FCB6A /* Debug */ = {
			isa = XCBuildConfiguration;
			buildSettings = {
				ALWAYS_SEARCH_USER_PATHS = NO;
				CLANG_CXX_LANGUAGE_STANDARD = "gnu++0x";
				CLANG_CXX_LIBRARY = "libc++";
				CLANG_ENABLE_MODULES = YES;
				CLANG_ENABLE_OBJC_ARC = YES;
				CLANG_WARN_BOOL_CONVERSION = YES;
				CLANG_WARN_CONSTANT_CONVERSION = YES;
				CLANG_WARN_DIRECT_OBJC_ISA_USAGE = YES_ERROR;
				CLANG_WARN_EMPTY_BODY = YES;
				CLANG_WARN_ENUM_CONVERSION = YES;
				CLANG_WARN_INT_CONVERSION = YES;
				CLANG_WARN_OBJC_ROOT_CLASS = YES_ERROR;
				CLANG_WARN_UNREACHABLE_CODE = YES;
				CLANG_WARN__DUPLICATE_METHOD_MATCH = YES;
				"CODE_SIGN_IDENTITY[sdk=iphoneos*]" = "iPhone Developer";
				COPY_PHASE_STRIP = NO;
				DEBUG_INFORMATION_FORMAT = "dwarf-with-dsym";
				ENABLE_STRICT_OBJC_MSGSEND = YES;
				GCC_C_LANGUAGE_STANDARD = gnu99;
				GCC_DYNAMIC_NO_PIC = NO;
				GCC_NO_COMMON_BLOCKS = YES;
				GCC_OPTIMIZATION_LEVEL = 0;
				GCC_PREPROCESSOR_DEFINITIONS = (
					"DEBUG=1",
					"$(inherited)",
				);
				GCC_SYMBOLS_PRIVATE_EXTERN = NO;
				GCC_WARN_64_TO_32_BIT_CONVERSION = YES;
				GCC_WARN_ABOUT_RETURN_TYPE = YES_ERROR;
				GCC_WARN_UNDECLARED_SELECTOR = YES;
				GCC_WARN_UNINITIALIZED_AUTOS = YES_AGGRESSIVE;
				GCC_WARN_UNUSED_FUNCTION = YES;
				GCC_WARN_UNUSED_VARIABLE = YES;
				IPHONEOS_DEPLOYMENT_TARGET = 8.3;
				MTL_ENABLE_DEBUG_INFO = YES;
				ONLY_ACTIVE_ARCH = YES;
				SDKROOT = iphoneos;
			};
			name = Debug;
		};
		85DD25D01B78A0B9008FCB6A /* Release */ = {
			isa = XCBuildConfiguration;
			buildSettings = {
				ALWAYS_SEARCH_USER_PATHS = NO;
				CLANG_CXX_LANGUAGE_STANDARD = "gnu++0x";
				CLANG_CXX_LIBRARY = "libc++";
				CLANG_ENABLE_MODULES = YES;
				CLANG_ENABLE_OBJC_ARC = YES;
				CLANG_WARN_BOOL_CONVERSION = YES;
				CLANG_WARN_CONSTANT_CONVERSION = YES;
				CLANG_WARN_DIRECT_OBJC_ISA_USAGE = YES_ERROR;
				CLANG_WARN_EMPTY_BODY = YES;
				CLANG_WARN_ENUM_CONVERSION = YES;
				CLANG_WARN_INT_CONVERSION = YES;
				CLANG_WARN_OBJC_ROOT_CLASS = YES_ERROR;
				CLANG_WARN_UNREACHABLE_CODE = YES;
				CLANG_WARN__DUPLICATE_METHOD_MATCH = YES;
				"CODE_SIGN_IDENTITY[sdk=iphoneos*]" = "iPhone Developer";
				COPY_PHASE_STRIP = NO;
				DEBUG_INFORMATION_FORMAT = "dwarf-with-dsym";
				ENABLE_NS_ASSERTIONS = NO;
				ENABLE_STRICT_OBJC_MSGSEND = YES;
				GCC_C_LANGUAGE_STANDARD = gnu99;
				GCC_NO_COMMON_BLOCKS = YES;
				GCC_WARN_64_TO_32_BIT_CONVERSION = YES;
				GCC_WARN_ABOUT_RETURN_TYPE = YES_ERROR;
				GCC_WARN_UNDECLARED_SELECTOR = YES;
				GCC_WARN_UNINITIALIZED_AUTOS = YES_AGGRESSIVE;
				GCC_WARN_UNUSED_FUNCTION = YES;
				GCC_WARN_UNUSED_VARIABLE = YES;
				IPHONEOS_DEPLOYMENT_TARGET = 8.3;
				MTL_ENABLE_DEBUG_INFO = NO;
				SDKROOT = iphoneos;
				VALIDATE_PRODUCT = YES;
			};
			name = Release;
		};
		85DD25D21B78A0B9008FCB6A /* Debug */ = {
			isa = XCBuildConfiguration;
			buildSettings = {
				ASSETCATALOG_COMPILER_APPICON_NAME = AppIcon;
				INFOPLIST_FILE = "Day08-7-HomeWorkStoryboard/Info.plist";
				LD_RUNPATH_SEARCH_PATHS = "$(inherited) @executable_path/Frameworks";
				PRODUCT_NAME = "$(TARGET_NAME)";
			};
			name = Debug;
		};
		85DD25D31B78A0B9008FCB6A /* Release */ = {
			isa = XCBuildConfiguration;
			buildSettings = {
				ASSETCATALOG_COMPILER_APPICON_NAME = AppIcon;
				INFOPLIST_FILE = "Day08-7-HomeWorkStoryboard/Info.plist";
				LD_RUNPATH_SEARCH_PATHS = "$(inherited) @executable_path/Frameworks";
				PRODUCT_NAME = "$(TARGET_NAME)";
			};
			name = Release;
		};
		85DD25D51B78A0B9008FCB6A /* Debug */ = {
			isa = XCBuildConfiguration;
			buildSettings = {
				BUNDLE_LOADER = "$(TEST_HOST)";
				FRAMEWORK_SEARCH_PATHS = (
					"$(SDKROOT)/Developer/Library/Frameworks",
					"$(inherited)",
				);
				GCC_PREPROCESSOR_DEFINITIONS = (
					"DEBUG=1",
					"$(inherited)",
				);
				INFOPLIST_FILE = "Day08-7-HomeWorkStoryboardTests/Info.plist";
				LD_RUNPATH_SEARCH_PATHS = "$(inherited) @executable_path/Frameworks @loader_path/Frameworks";
				PRODUCT_NAME = "$(TARGET_NAME)";
				TEST_HOST = "$(BUILT_PRODUCTS_DIR)/Day08-7-HomeWorkStoryboard.app/Day08-7-HomeWorkStoryboard";
			};
			name = Debug;
		};
		85DD25D61B78A0B9008FCB6A /* Release */ = {
			isa = XCBuildConfiguration;
			buildSettings = {
				BUNDLE_LOADER = "$(TEST_HOST)";
				FRAMEWORK_SEARCH_PATHS = (
					"$(SDKROOT)/Developer/Library/Frameworks",
					"$(inherited)",
				);
				INFOPLIST_FILE = "Day08-7-HomeWorkStoryboardTests/Info.plist";
				LD_RUNPATH_SEARCH_PATHS = "$(inherited) @executable_path/Frameworks @loader_path/Frameworks";
				PRODUCT_NAME = "$(TARGET_NAME)";
				TEST_HOST = "$(BUILT_PRODUCTS_DIR)/Day08-7-HomeWorkStoryboard.app/Day08-7-HomeWorkStoryboard";
			};
			name = Release;
		};
/* End XCBuildConfiguration section */

/* Begin XCConfigurationList section */
		85DD25A91B78A0B9008FCB6A /* Build configuration list for PBXProject "Day08-7-HomeWorkStoryboard" */ = {
			isa = XCConfigurationList;
			buildConfigurations = (
				85DD25CF1B78A0B9008FCB6A /* Debug */,
				85DD25D01B78A0B9008FCB6A /* Release */,
			);
			defaultConfigurationIsVisible = 0;
			defaultConfigurationName = Release;
		};
		85DD25D11B78A0B9008FCB6A /* Build configuration list for PBXNativeTarget "Day08-7-HomeWorkStoryboard" */ = {
			isa = XCConfigurationList;
			buildConfigurations = (
				85DD25D21B78A0B9008FCB6A /* Debug */,
				85DD25D31B78A0B9008FCB6A /* Release */,
			);
			defaultConfigurationIsVisible = 0;
		};
		85DD25D41B78A0B9008FCB6A /* Build configuration list for PBXNativeTarget "Day08-7-HomeWorkStoryboardTests" */ = {
			isa = XCConfigurationList;
			buildConfigurations = (
				85DD25D51B78A0B9008FCB6A /* Debug */,
				85DD25D61B78A0B9008FCB6A /* Release */,
			);
			defaultConfigurationIsVisible = 0;
		};
/* End XCConfigurationList section */
	};
	rootObject = 85DD25A61B78A0B9008FCB6A /* Project object */;
}
